
Microsoft Visual Studio Solution File, Format Version 12.00
# Visual Studio Version 17
VisualStudioVersion = 17.0.32112.339
MinimumVisualStudioVersion = 10.0.40219.1
Project("{2150E333-8FDC-42A3-9474-1A3956D46DE8}") = "02-Core", "02-Core", "{7439260B-C0D1-4CDA-8144-B30B00E07EAD}"
EndProject
Project("{2150E333-8FDC-42A3-9474-1A3956D46DE8}") = "03-Infrastructure", "03-Infrastructure", "{B08B5E2B-7D05-4560-9411-946A944F9CF3}"
EndProject
Project("{2150E333-8FDC-42A3-9474-1A3956D46DE8}") = "04-Application", "04-Application", "{31F98508-715B-4B56-B03E-D6583787E9A4}"
EndProject
Project("{9A19103F-16F7-4668-BE54-9A1E7A4F7556}") = "Core", "Core\Core.csproj", "{26EAFF77-691A-4846-A3E7-FAFFCFF0D421}"
EndProject
Project("{9A19103F-16F7-4668-BE54-9A1E7A4F7556}") = "Infrastructure", "Infrastructure\Infrastructure.csproj", "{D6D5D726-D453-4AB1-BB9C-1CF989BC8B20}"
EndProject
Project("{9A19103F-16F7-4668-BE54-9A1E7A4F7556}") = "Application", "Application\Application.csproj", "{A83C81E6-5B64-42B3-ABB1-E0315664A26A}"
EndProject
Project("{2150E333-8FDC-42A3-9474-1A3956D46DE8}") = "05-Producer", "05-Producer", "{C37AE6CE-7014-4CD0-91C7-49AD81E84802}"
EndProject
Project("{2150E333-8FDC-42A3-9474-1A3956D46DE8}") = "06-Consumer", "06-Consumer", "{2D4BC181-56A0-4CA4-B134-652893B620A8}"
EndProject
Project("{9A19103F-16F7-4668-BE54-9A1E7A4F7556}") = "Consumer", "Consumer\Consumer.csproj", "{ACBDA850-4355-4BC2-96D7-18A6882C16AC}"
EndProject
Project("{2150E333-8FDC-42A3-9474-1A3956D46DE8}") = "00-Lib", "00-Lib", "{C4F9AE6C-6CF4-4044-949B-AB795A8953E4}"
EndProject
Project("{2150E333-8FDC-42A3-9474-1A3956D46DE8}") = "Logger", "Logger", "{0D64A14B-DBC7-40AE-B93D-75B3CE7E6DC7}"
EndProject
Project("{9A19103F-16F7-4668-BE54-9A1E7A4F7556}") = "Logger", "Logger\Logger.csproj", "{089AA145-165D-47E0-9F4A-7BCFCEAE5E4F}"
EndProject
Project("{9A19103F-16F7-4668-BE54-9A1E7A4F7556}") = "PersonProducer", "PersonProducer\PersonProducer.csproj", "{3C0491D2-833B-4DD9-9F2E-304F76D95D68}"
EndProject
Project("{2150E333-8FDC-42A3-9474-1A3956D46DE8}") = "07-Tests", "07-Tests", "{402CDEF8-E153-431D-A26E-6FBDBD1BC9A3}"
EndProject
Project("{2150E333-8FDC-42A3-9474-1A3956D46DE8}") = "01-Database", "01-Database", "{858C7981-14D7-40C6-AC71-CA78D96BB222}"
EndProject
Project("{00D1A9C2-B5F0-4AF3-8072-F6C62B433612}") = "Database", "Database\Database.sqlproj", "{18EBF1C5-7781-42E8-8A65-93681F62AD1D}"
EndProject
Project("{9A19103F-16F7-4668-BE54-9A1E7A4F7556}") = "Infrastructure.Test", "Database.Test\Infrastructure.Test.csproj", "{55A71DF1-0885-46C9-A47D-502430049448}"
EndProject
Project("{FAE04EC0-301F-11D3-BF4B-00C04F79EFBC}") = "Application.Test", "Application.Test\Application.Test.csproj", "{A53D4CA2-1787-4C0A-A565-087311D941AF}"
EndProject
Global
	GlobalSection(SolutionConfigurationPlatforms) = preSolution
		Debug|Any CPU = Debug|Any CPU
		Release|Any CPU = Release|Any CPU
	EndGlobalSection
	GlobalSection(ProjectConfigurationPlatforms) = postSolution
		{26EAFF77-691A-4846-A3E7-FAFFCFF0D421}.Debug|Any CPU.ActiveCfg = Debug|Any CPU
		{26EAFF77-691A-4846-A3E7-FAFFCFF0D421}.Debug|Any CPU.Build.0 = Debug|Any CPU
		{26EAFF77-691A-4846-A3E7-FAFFCFF0D421}.Release|Any CPU.ActiveCfg = Release|Any CPU
		{26EAFF77-691A-4846-A3E7-FAFFCFF0D421}.Release|Any CPU.Build.0 = Release|Any CPU
		{D6D5D726-D453-4AB1-BB9C-1CF989BC8B20}.Debug|Any CPU.ActiveCfg = Debug|Any CPU
		{D6D5D726-D453-4AB1-BB9C-1CF989BC8B20}.Debug|Any CPU.Build.0 = Debug|Any CPU
		{D6D5D726-D453-4AB1-BB9C-1CF989BC8B20}.Release|Any CPU.ActiveCfg = Release|Any CPU
		{D6D5D726-D453-4AB1-BB9C-1CF989BC8B20}.Release|Any CPU.Build.0 = Release|Any CPU
		{A83C81E6-5B64-42B3-ABB1-E0315664A26A}.Debug|Any CPU.ActiveCfg = Debug|Any CPU
		{A83C81E6-5B64-42B3-ABB1-E0315664A26A}.Debug|Any CPU.Build.0 = Debug|Any CPU
		{A83C81E6-5B64-42B3-ABB1-E0315664A26A}.Release|Any CPU.ActiveCfg = Release|Any CPU
		{A83C81E6-5B64-42B3-ABB1-E0315664A26A}.Release|Any CPU.Build.0 = Release|Any CPU
		{ACBDA850-4355-4BC2-96D7-18A6882C16AC}.Debug|Any CPU.ActiveCfg = Debug|Any CPU
		{ACBDA850-4355-4BC2-96D7-18A6882C16AC}.Debug|Any CPU.Build.0 = Debug|Any CPU
		{ACBDA850-4355-4BC2-96D7-18A6882C16AC}.Release|Any CPU.ActiveCfg = Release|Any CPU
		{ACBDA850-4355-4BC2-96D7-18A6882C16AC}.Release|Any CPU.Build.0 = Release|Any CPU
		{089AA145-165D-47E0-9F4A-7BCFCEAE5E4F}.Debug|Any CPU.ActiveCfg = Debug|Any CPU
		{089AA145-165D-47E0-9F4A-7BCFCEAE5E4F}.Debug|Any CPU.Build.0 = Debug|Any CPU
		{089AA145-165D-47E0-9F4A-7BCFCEAE5E4F}.Release|Any CPU.ActiveCfg = Release|Any CPU
		{089AA145-165D-47E0-9F4A-7BCFCEAE5E4F}.Release|Any CPU.Build.0 = Release|Any CPU
		{3C0491D2-833B-4DD9-9F2E-304F76D95D68}.Debug|Any CPU.ActiveCfg = Debug|Any CPU
		{3C0491D2-833B-4DD9-9F2E-304F76D95D68}.Debug|Any CPU.Build.0 = Debug|Any CPU
		{3C0491D2-833B-4DD9-9F2E-304F76D95D68}.Release|Any CPU.ActiveCfg = Release|Any CPU
		{3C0491D2-833B-4DD9-9F2E-304F76D95D68}.Release|Any CPU.Build.0 = Release|Any CPU
		{18EBF1C5-7781-42E8-8A65-93681F62AD1D}.Debug|Any CPU.ActiveCfg = Debug|Any CPU
		{18EBF1C5-7781-42E8-8A65-93681F62AD1D}.Debug|Any CPU.Build.0 = Debug|Any CPU
		{18EBF1C5-7781-42E8-8A65-93681F62AD1D}.Debug|Any CPU.Deploy.0 = Debug|Any CPU
		{18EBF1C5-7781-42E8-8A65-93681F62AD1D}.Release|Any CPU.ActiveCfg = Release|Any CPU
		{18EBF1C5-7781-42E8-8A65-93681F62AD1D}.Release|Any CPU.Build.0 = Release|Any CPU
		{18EBF1C5-7781-42E8-8A65-93681F62AD1D}.Release|Any CPU.Deploy.0 = Release|Any CPU
		{55A71DF1-0885-46C9-A47D-502430049448}.Debug|Any CPU.ActiveCfg = Debug|Any CPU
		{55A71DF1-0885-46C9-A47D-502430049448}.Debug|Any CPU.Build.0 = Debug|Any CPU
		{55A71DF1-0885-46C9-A47D-502430049448}.Release|Any CPU.ActiveCfg = Release|Any CPU
		{55A71DF1-0885-46C9-A47D-502430049448}.Release|Any CPU.Build.0 = Release|Any CPU
		{A53D4CA2-1787-4C0A-A565-087311D941AF}.Debug|Any CPU.ActiveCfg = Debug|Any CPU
		{A53D4CA2-1787-4C0A-A565-087311D941AF}.Debug|Any CPU.Build.0 = Debug|Any CPU
		{A53D4CA2-1787-4C0A-A565-087311D941AF}.Release|Any CPU.ActiveCfg = Release|Any CPU
		{A53D4CA2-1787-4C0A-A565-087311D941AF}.Release|Any CPU.Build.0 = Release|Any CPU
	EndGlobalSection
	GlobalSection(SolutionProperties) = preSolution
		HideSolutionNode = FALSE
	EndGlobalSection
	GlobalSection(NestedProjects) = preSolution
		{26EAFF77-691A-4846-A3E7-FAFFCFF0D421} = {7439260B-C0D1-4CDA-8144-B30B00E07EAD}
		{D6D5D726-D453-4AB1-BB9C-1CF989BC8B20} = {B08B5E2B-7D05-4560-9411-946A944F9CF3}
		{A83C81E6-5B64-42B3-ABB1-E0315664A26A} = {31F98508-715B-4B56-B03E-D6583787E9A4}
		{ACBDA850-4355-4BC2-96D7-18A6882C16AC} = {2D4BC181-56A0-4CA4-B134-652893B620A8}
		{0D64A14B-DBC7-40AE-B93D-75B3CE7E6DC7} = {C4F9AE6C-6CF4-4044-949B-AB795A8953E4}
		{089AA145-165D-47E0-9F4A-7BCFCEAE5E4F} = {0D64A14B-DBC7-40AE-B93D-75B3CE7E6DC7}
		{3C0491D2-833B-4DD9-9F2E-304F76D95D68} = {C37AE6CE-7014-4CD0-91C7-49AD81E84802}
		{18EBF1C5-7781-42E8-8A65-93681F62AD1D} = {858C7981-14D7-40C6-AC71-CA78D96BB222}
		{55A71DF1-0885-46C9-A47D-502430049448} = {402CDEF8-E153-431D-A26E-6FBDBD1BC9A3}
		{A53D4CA2-1787-4C0A-A565-087311D941AF} = {402CDEF8-E153-431D-A26E-6FBDBD1BC9A3}
	EndGlobalSection
	GlobalSection(ExtensibilityGlobals) = postSolution
		SolutionGuid = {B67A5E4C-19AB-4F09-8C34-0055D5ADA3B0}
	EndGlobalSection
EndGlobal
